
Microsoft Visual Studio Solution File, Format Version 12.00
# Visual Studio Version 17
VisualStudioVersion = 17.5.33414.496
MinimumVisualStudioVersion = 10.0.40219.1
Project("{9A19103F-16F7-4668-BE54-9A1E7A4F7556}") = "StringBencmark", "Test1\StringBencmark.csproj", "{FC6F95F4-FE5D-40A4-A885-41A70277456E}"
EndProject
Project("{9A19103F-16F7-4668-BE54-9A1E7A4F7556}") = "2.TestRecord", "TestStruct\2.TestRecord.csproj", "{383FD3A2-64E3-4194-9174-EF2F3C5645A6}"
EndProject
Project("{9A19103F-16F7-4668-BE54-9A1E7A4F7556}") = "3.Span", "Span\3.Span.csproj", "{82F0114A-D511-4CD6-AAE9-BFFB4CE1D768}"
EndProject
Project("{9A19103F-16F7-4668-BE54-9A1E7A4F7556}") = "1.Struct", "1.Struct\1.Struct.csproj", "{7DBC926C-1A6A-4EB3-B5A6-BAC3ED0DEB89}"
EndProject
Project("{9A19103F-16F7-4668-BE54-9A1E7A4F7556}") = "4. Span 2", "4. Memory\4. Span 2.csproj", "{0AAFB36B-271A-46E8-8B2B-AD588C5D40CE}"
EndProject
Project("{9A19103F-16F7-4668-BE54-9A1E7A4F7556}") = "5.  MemoryAsync", "5.  MemoryAsync\5.  MemoryAsync.csproj", "{D087D9D5-A33D-4478-8EC5-88ACDEFD855E}"
EndProject
Project("{9A19103F-16F7-4668-BE54-9A1E7A4F7556}") = "6. ReadOnlySpan", "6. ReadOnlySpan\6. ReadOnlySpan.csproj", "{CB7A132E-BCEA-469E-AC71-51287F8E87F4}"
EndProject
Project("{9A19103F-16F7-4668-BE54-9A1E7A4F7556}") = "9. CreateStringBenchmark", "9. CreateStringBenchmark\9. CreateStringBenchmark.csproj", "{C72BA1E1-5673-4E85-804B-D3810D62DC4D}"
EndProject
Project("{9A19103F-16F7-4668-BE54-9A1E7A4F7556}") = "9_1. CreateStringBencmark2", "10. CreateStringBencmark2\9_1. CreateStringBencmark2.csproj", "{068E84E0-48C2-4691-B54C-2EF0489DB753}"
EndProject
Project("{9A19103F-16F7-4668-BE54-9A1E7A4F7556}") = "9_2. BinarySerealization", "9_2. BinarySerealization\9_2. BinarySerealization.csproj", "{89B0B039-696D-4817-BF3B-2EC58405AEDE}"
EndProject
Project("{9A19103F-16F7-4668-BE54-9A1E7A4F7556}") = "9_4. TestTargetNet7", "9_4. TestTargetNet7\9_4. TestTargetNet7.csproj", "{4E63ED7B-F36D-4A64-9F19-D6474EF8CA78}"
EndProject
Project("{9A19103F-16F7-4668-BE54-9A1E7A4F7556}") = "LibraryTest", "LibraryTest\LibraryTest.csproj", "{BD41001B-C9DD-4913-9840-035EF9EA3B7F}"
EndProject
Project("{9A19103F-16F7-4668-BE54-9A1E7A4F7556}") = "LibraryTestNet3.1", "LibraryTestNet3.1\LibraryTestNet3.1.csproj", "{333F3D43-148D-483F-9320-644C8F6C166C}"
EndProject
Project("{9A19103F-16F7-4668-BE54-9A1E7A4F7556}") = "7. CompateNewtonsJsonAndSystemTextJson", "6. CompateNewtonsJsonAndSystemTextJson\7. CompateNewtonsJsonAndSystemTextJson.csproj", "{9FEEC17A-E83A-4B0E-B8E0-6FF7768D9F43}"
EndProject
Project("{9A19103F-16F7-4668-BE54-9A1E7A4F7556}") = "8. ReadOnlySeq", "8. ReadOnlySeq\8. ReadOnlySeq.csproj", "{BF441A96-8861-4E79-8D64-E9F4107FADD7}"
EndProject
Project("{9A19103F-16F7-4668-BE54-9A1E7A4F7556}") = "SynchronizationPrimitives", "SynchronizationPrimitives\SynchronizationPrimitives.csproj", "{AF5F4E3B-8A60-4822-A257-EDECD3B56146}"
EndProject
Project("{9A19103F-16F7-4668-BE54-9A1E7A4F7556}") = "JoinText", "JoinText\JoinText.csproj", "{4F7892F1-D161-472A-9177-D4319942CDB1}"
EndProject
Project("{9A19103F-16F7-4668-BE54-9A1E7A4F7556}") = "CreateFiles", "CreateFiles\CreateFiles.csproj", "{8C52A881-6794-45F7-96CA-584494745904}"
EndProject
Project("{9A19103F-16F7-4668-BE54-9A1E7A4F7556}") = "SearchFiles", "SearchFiles\SearchFiles.csproj", "{96CBC33D-9E4A-4C49-932B-8B04CACA5C3F}"
EndProject
Project("{9A19103F-16F7-4668-BE54-9A1E7A4F7556}") = "SearchFiles2", "SearchFiles2\SearchFiles2.csproj", "{5CEB9BE7-4E49-49A6-A35A-DC806B1AB5C4}"
EndProject
Project("{9A19103F-16F7-4668-BE54-9A1E7A4F7556}") = "FileServerAdoNet", "FileServerAdoNet\FileServerAdoNet.csproj", "{F1C73EAA-8CD5-42BF-B1B0-8F9B1666D165}"
EndProject
Project("{9A19103F-16F7-4668-BE54-9A1E7A4F7556}") = "FileServerAdoNet2", "FileServerAdoNet2\FileServerAdoNet2.csproj", "{B265345D-F236-4A7C-8D79-D8DC52130215}"
EndProject
Project("{9A19103F-16F7-4668-BE54-9A1E7A4F7556}") = "TestString", "TestString\TestString.csproj", "{72380D88-F63E-46E3-A747-7623BE1BCE2B}"
EndProject
Project("{9A19103F-16F7-4668-BE54-9A1E7A4F7556}") = "TestExp", "TestExp\TestExp.csproj", "{16D67564-8779-4B48-A24F-497EACD58089}"
EndProject
Project("{9A19103F-16F7-4668-BE54-9A1E7A4F7556}") = "TestCpuLock", "TestCpuLock\TestCpuLock.csproj", "{7B1EF665-9660-4234-A29A-45E02A41A489}"
EndProject
Project("{9A19103F-16F7-4668-BE54-9A1E7A4F7556}") = "SearchError", "SearchError\SearchError.csproj", "{AA77CD22-D3CC-41FC-8F85-2DF5CFD0F8CC}"
EndProject
Project("{9A19103F-16F7-4668-BE54-9A1E7A4F7556}") = "SearchError2", "SearchError2\SearchError2.csproj", "{F2C3EC64-525B-41D2-B2A4-4EFE0C996F70}"
EndProject
Project("{9A19103F-16F7-4668-BE54-9A1E7A4F7556}") = "LeetCode3", "LeetCode3\LeetCode3.csproj", "{3533E70C-9C1D-4F66-A5A8-DAA4D47FFA3B}"
EndProject
Project("{FAE04EC0-301F-11D3-BF4B-00C04F79EFBC}") = "SearchLines", "SearchLines\SearchLines.csproj", "{CCE05FDB-5126-4FC3-BEA0-E3FB428B46A0}"
EndProject
Global
	GlobalSection(SolutionConfigurationPlatforms) = preSolution
		Debug|Any CPU = Debug|Any CPU
		Release|Any CPU = Release|Any CPU
	EndGlobalSection
	GlobalSection(ProjectConfigurationPlatforms) = postSolution
		{FC6F95F4-FE5D-40A4-A885-41A70277456E}.Debug|Any CPU.ActiveCfg = Debug|Any CPU
		{FC6F95F4-FE5D-40A4-A885-41A70277456E}.Debug|Any CPU.Build.0 = Debug|Any CPU
		{FC6F95F4-FE5D-40A4-A885-41A70277456E}.Release|Any CPU.ActiveCfg = Release|Any CPU
		{FC6F95F4-FE5D-40A4-A885-41A70277456E}.Release|Any CPU.Build.0 = Release|Any CPU
		{383FD3A2-64E3-4194-9174-EF2F3C5645A6}.Debug|Any CPU.ActiveCfg = Debug|Any CPU
		{383FD3A2-64E3-4194-9174-EF2F3C5645A6}.Debug|Any CPU.Build.0 = Debug|Any CPU
		{383FD3A2-64E3-4194-9174-EF2F3C5645A6}.Release|Any CPU.ActiveCfg = Release|Any CPU
		{383FD3A2-64E3-4194-9174-EF2F3C5645A6}.Release|Any CPU.Build.0 = Release|Any CPU
		{82F0114A-D511-4CD6-AAE9-BFFB4CE1D768}.Debug|Any CPU.ActiveCfg = Debug|Any CPU
		{82F0114A-D511-4CD6-AAE9-BFFB4CE1D768}.Debug|Any CPU.Build.0 = Debug|Any CPU
		{82F0114A-D511-4CD6-AAE9-BFFB4CE1D768}.Release|Any CPU.ActiveCfg = Release|Any CPU
		{82F0114A-D511-4CD6-AAE9-BFFB4CE1D768}.Release|Any CPU.Build.0 = Release|Any CPU
		{7DBC926C-1A6A-4EB3-B5A6-BAC3ED0DEB89}.Debug|Any CPU.ActiveCfg = Debug|Any CPU
		{7DBC926C-1A6A-4EB3-B5A6-BAC3ED0DEB89}.Debug|Any CPU.Build.0 = Debug|Any CPU
		{7DBC926C-1A6A-4EB3-B5A6-BAC3ED0DEB89}.Release|Any CPU.ActiveCfg = Release|Any CPU
		{7DBC926C-1A6A-4EB3-B5A6-BAC3ED0DEB89}.Release|Any CPU.Build.0 = Release|Any CPU
		{0AAFB36B-271A-46E8-8B2B-AD588C5D40CE}.Debug|Any CPU.ActiveCfg = Debug|Any CPU
		{0AAFB36B-271A-46E8-8B2B-AD588C5D40CE}.Debug|Any CPU.Build.0 = Debug|Any CPU
		{0AAFB36B-271A-46E8-8B2B-AD588C5D40CE}.Release|Any CPU.ActiveCfg = Release|Any CPU
		{0AAFB36B-271A-46E8-8B2B-AD588C5D40CE}.Release|Any CPU.Build.0 = Release|Any CPU
		{D087D9D5-A33D-4478-8EC5-88ACDEFD855E}.Debug|Any CPU.ActiveCfg = Debug|Any CPU
		{D087D9D5-A33D-4478-8EC5-88ACDEFD855E}.Debug|Any CPU.Build.0 = Debug|Any CPU
		{D087D9D5-A33D-4478-8EC5-88ACDEFD855E}.Release|Any CPU.ActiveCfg = Release|Any CPU
		{D087D9D5-A33D-4478-8EC5-88ACDEFD855E}.Release|Any CPU.Build.0 = Release|Any CPU
		{CB7A132E-BCEA-469E-AC71-51287F8E87F4}.Debug|Any CPU.ActiveCfg = Debug|Any CPU
		{CB7A132E-BCEA-469E-AC71-51287F8E87F4}.Debug|Any CPU.Build.0 = Debug|Any CPU
		{CB7A132E-BCEA-469E-AC71-51287F8E87F4}.Release|Any CPU.ActiveCfg = Release|Any CPU
		{CB7A132E-BCEA-469E-AC71-51287F8E87F4}.Release|Any CPU.Build.0 = Release|Any CPU
		{C72BA1E1-5673-4E85-804B-D3810D62DC4D}.Debug|Any CPU.ActiveCfg = Debug|Any CPU
		{C72BA1E1-5673-4E85-804B-D3810D62DC4D}.Debug|Any CPU.Build.0 = Debug|Any CPU
		{C72BA1E1-5673-4E85-804B-D3810D62DC4D}.Release|Any CPU.ActiveCfg = Release|Any CPU
		{C72BA1E1-5673-4E85-804B-D3810D62DC4D}.Release|Any CPU.Build.0 = Release|Any CPU
		{068E84E0-48C2-4691-B54C-2EF0489DB753}.Debug|Any CPU.ActiveCfg = Debug|Any CPU
		{068E84E0-48C2-4691-B54C-2EF0489DB753}.Debug|Any CPU.Build.0 = Debug|Any CPU
		{068E84E0-48C2-4691-B54C-2EF0489DB753}.Release|Any CPU.ActiveCfg = Release|Any CPU
		{068E84E0-48C2-4691-B54C-2EF0489DB753}.Release|Any CPU.Build.0 = Release|Any CPU
		{89B0B039-696D-4817-BF3B-2EC58405AEDE}.Debug|Any CPU.ActiveCfg = Debug|Any CPU
		{89B0B039-696D-4817-BF3B-2EC58405AEDE}.Debug|Any CPU.Build.0 = Debug|Any CPU
		{89B0B039-696D-4817-BF3B-2EC58405AEDE}.Release|Any CPU.ActiveCfg = Release|Any CPU
		{89B0B039-696D-4817-BF3B-2EC58405AEDE}.Release|Any CPU.Build.0 = Release|Any CPU
		{4E63ED7B-F36D-4A64-9F19-D6474EF8CA78}.Debug|Any CPU.ActiveCfg = Debug|Any CPU
		{4E63ED7B-F36D-4A64-9F19-D6474EF8CA78}.Debug|Any CPU.Build.0 = Debug|Any CPU
		{4E63ED7B-F36D-4A64-9F19-D6474EF8CA78}.Release|Any CPU.ActiveCfg = Release|Any CPU
		{4E63ED7B-F36D-4A64-9F19-D6474EF8CA78}.Release|Any CPU.Build.0 = Release|Any CPU
		{BD41001B-C9DD-4913-9840-035EF9EA3B7F}.Debug|Any CPU.ActiveCfg = Debug|Any CPU
		{BD41001B-C9DD-4913-9840-035EF9EA3B7F}.Debug|Any CPU.Build.0 = Debug|Any CPU
		{BD41001B-C9DD-4913-9840-035EF9EA3B7F}.Release|Any CPU.ActiveCfg = Release|Any CPU
		{BD41001B-C9DD-4913-9840-035EF9EA3B7F}.Release|Any CPU.Build.0 = Release|Any CPU
		{333F3D43-148D-483F-9320-644C8F6C166C}.Debug|Any CPU.ActiveCfg = Debug|Any CPU
		{333F3D43-148D-483F-9320-644C8F6C166C}.Debug|Any CPU.Build.0 = Debug|Any CPU
		{333F3D43-148D-483F-9320-644C8F6C166C}.Release|Any CPU.ActiveCfg = Release|Any CPU
		{333F3D43-148D-483F-9320-644C8F6C166C}.Release|Any CPU.Build.0 = Release|Any CPU
		{9FEEC17A-E83A-4B0E-B8E0-6FF7768D9F43}.Debug|Any CPU.ActiveCfg = Debug|Any CPU
		{9FEEC17A-E83A-4B0E-B8E0-6FF7768D9F43}.Debug|Any CPU.Build.0 = Debug|Any CPU
		{9FEEC17A-E83A-4B0E-B8E0-6FF7768D9F43}.Release|Any CPU.ActiveCfg = Release|Any CPU
		{9FEEC17A-E83A-4B0E-B8E0-6FF7768D9F43}.Release|Any CPU.Build.0 = Release|Any CPU
		{BF441A96-8861-4E79-8D64-E9F4107FADD7}.Debug|Any CPU.ActiveCfg = Debug|Any CPU
		{BF441A96-8861-4E79-8D64-E9F4107FADD7}.Debug|Any CPU.Build.0 = Debug|Any CPU
		{BF441A96-8861-4E79-8D64-E9F4107FADD7}.Release|Any CPU.ActiveCfg = Release|Any CPU
		{BF441A96-8861-4E79-8D64-E9F4107FADD7}.Release|Any CPU.Build.0 = Release|Any CPU
		{AF5F4E3B-8A60-4822-A257-EDECD3B56146}.Debug|Any CPU.ActiveCfg = Debug|Any CPU
		{AF5F4E3B-8A60-4822-A257-EDECD3B56146}.Debug|Any CPU.Build.0 = Debug|Any CPU
		{AF5F4E3B-8A60-4822-A257-EDECD3B56146}.Release|Any CPU.ActiveCfg = Release|Any CPU
		{AF5F4E3B-8A60-4822-A257-EDECD3B56146}.Release|Any CPU.Build.0 = Release|Any CPU
		{4F7892F1-D161-472A-9177-D4319942CDB1}.Debug|Any CPU.ActiveCfg = Debug|Any CPU
		{4F7892F1-D161-472A-9177-D4319942CDB1}.Debug|Any CPU.Build.0 = Debug|Any CPU
		{4F7892F1-D161-472A-9177-D4319942CDB1}.Release|Any CPU.ActiveCfg = Release|Any CPU
		{4F7892F1-D161-472A-9177-D4319942CDB1}.Release|Any CPU.Build.0 = Release|Any CPU
		{8C52A881-6794-45F7-96CA-584494745904}.Debug|Any CPU.ActiveCfg = Debug|Any CPU
		{8C52A881-6794-45F7-96CA-584494745904}.Debug|Any CPU.Build.0 = Debug|Any CPU
		{8C52A881-6794-45F7-96CA-584494745904}.Release|Any CPU.ActiveCfg = Release|Any CPU
		{8C52A881-6794-45F7-96CA-584494745904}.Release|Any CPU.Build.0 = Release|Any CPU
		{96CBC33D-9E4A-4C49-932B-8B04CACA5C3F}.Debug|Any CPU.ActiveCfg = Debug|Any CPU
		{96CBC33D-9E4A-4C49-932B-8B04CACA5C3F}.Debug|Any CPU.Build.0 = Debug|Any CPU
		{96CBC33D-9E4A-4C49-932B-8B04CACA5C3F}.Release|Any CPU.ActiveCfg = Release|Any CPU
		{96CBC33D-9E4A-4C49-932B-8B04CACA5C3F}.Release|Any CPU.Build.0 = Release|Any CPU
		{5CEB9BE7-4E49-49A6-A35A-DC806B1AB5C4}.Debug|Any CPU.ActiveCfg = Debug|Any CPU
		{5CEB9BE7-4E49-49A6-A35A-DC806B1AB5C4}.Debug|Any CPU.Build.0 = Debug|Any CPU
		{5CEB9BE7-4E49-49A6-A35A-DC806B1AB5C4}.Release|Any CPU.ActiveCfg = Release|Any CPU
		{5CEB9BE7-4E49-49A6-A35A-DC806B1AB5C4}.Release|Any CPU.Build.0 = Release|Any CPU
		{F1C73EAA-8CD5-42BF-B1B0-8F9B1666D165}.Debug|Any CPU.ActiveCfg = Debug|Any CPU
		{F1C73EAA-8CD5-42BF-B1B0-8F9B1666D165}.Debug|Any CPU.Build.0 = Debug|Any CPU
		{F1C73EAA-8CD5-42BF-B1B0-8F9B1666D165}.Release|Any CPU.ActiveCfg = Release|Any CPU
		{F1C73EAA-8CD5-42BF-B1B0-8F9B1666D165}.Release|Any CPU.Build.0 = Release|Any CPU
		{B265345D-F236-4A7C-8D79-D8DC52130215}.Debug|Any CPU.ActiveCfg = Debug|Any CPU
		{B265345D-F236-4A7C-8D79-D8DC52130215}.Debug|Any CPU.Build.0 = Debug|Any CPU
		{B265345D-F236-4A7C-8D79-D8DC52130215}.Release|Any CPU.ActiveCfg = Release|Any CPU
		{B265345D-F236-4A7C-8D79-D8DC52130215}.Release|Any CPU.Build.0 = Release|Any CPU
		{72380D88-F63E-46E3-A747-7623BE1BCE2B}.Debug|Any CPU.ActiveCfg = Debug|Any CPU
		{72380D88-F63E-46E3-A747-7623BE1BCE2B}.Debug|Any CPU.Build.0 = Debug|Any CPU
		{72380D88-F63E-46E3-A747-7623BE1BCE2B}.Release|Any CPU.ActiveCfg = Release|Any CPU
		{72380D88-F63E-46E3-A747-7623BE1BCE2B}.Release|Any CPU.Build.0 = Release|Any CPU
		{16D67564-8779-4B48-A24F-497EACD58089}.Debug|Any CPU.ActiveCfg = Debug|Any CPU
		{16D67564-8779-4B48-A24F-497EACD58089}.Debug|Any CPU.Build.0 = Debug|Any CPU
		{16D67564-8779-4B48-A24F-497EACD58089}.Release|Any CPU.ActiveCfg = Release|Any CPU
		{16D67564-8779-4B48-A24F-497EACD58089}.Release|Any CPU.Build.0 = Release|Any CPU
		{7B1EF665-9660-4234-A29A-45E02A41A489}.Debug|Any CPU.ActiveCfg = Debug|Any CPU
		{7B1EF665-9660-4234-A29A-45E02A41A489}.Debug|Any CPU.Build.0 = Debug|Any CPU
		{7B1EF665-9660-4234-A29A-45E02A41A489}.Release|Any CPU.ActiveCfg = Release|Any CPU
		{7B1EF665-9660-4234-A29A-45E02A41A489}.Release|Any CPU.Build.0 = Release|Any CPU
		{AA77CD22-D3CC-41FC-8F85-2DF5CFD0F8CC}.Debug|Any CPU.ActiveCfg = Debug|Any CPU
		{AA77CD22-D3CC-41FC-8F85-2DF5CFD0F8CC}.Debug|Any CPU.Build.0 = Debug|Any CPU
		{AA77CD22-D3CC-41FC-8F85-2DF5CFD0F8CC}.Release|Any CPU.ActiveCfg = Release|Any CPU
		{AA77CD22-D3CC-41FC-8F85-2DF5CFD0F8CC}.Release|Any CPU.Build.0 = Release|Any CPU
		{F2C3EC64-525B-41D2-B2A4-4EFE0C996F70}.Debug|Any CPU.ActiveCfg = Debug|Any CPU
		{F2C3EC64-525B-41D2-B2A4-4EFE0C996F70}.Debug|Any CPU.Build.0 = Debug|Any CPU
		{F2C3EC64-525B-41D2-B2A4-4EFE0C996F70}.Release|Any CPU.ActiveCfg = Release|Any CPU
		{F2C3EC64-525B-41D2-B2A4-4EFE0C996F70}.Release|Any CPU.Build.0 = Release|Any CPU
		{3533E70C-9C1D-4F66-A5A8-DAA4D47FFA3B}.Debug|Any CPU.ActiveCfg = Debug|Any CPU
		{3533E70C-9C1D-4F66-A5A8-DAA4D47FFA3B}.Debug|Any CPU.Build.0 = Debug|Any CPU
		{3533E70C-9C1D-4F66-A5A8-DAA4D47FFA3B}.Release|Any CPU.ActiveCfg = Release|Any CPU
		{3533E70C-9C1D-4F66-A5A8-DAA4D47FFA3B}.Release|Any CPU.Build.0 = Release|Any CPU
		{CCE05FDB-5126-4FC3-BEA0-E3FB428B46A0}.Debug|Any CPU.ActiveCfg = Debug|Any CPU
		{CCE05FDB-5126-4FC3-BEA0-E3FB428B46A0}.Debug|Any CPU.Build.0 = Debug|Any CPU
		{CCE05FDB-5126-4FC3-BEA0-E3FB428B46A0}.Release|Any CPU.ActiveCfg = Release|Any CPU
		{CCE05FDB-5126-4FC3-BEA0-E3FB428B46A0}.Release|Any CPU.Build.0 = Release|Any CPU
	EndGlobalSection
	GlobalSection(SolutionProperties) = preSolution
		HideSolutionNode = FALSE
	EndGlobalSection
	GlobalSection(ExtensibilityGlobals) = postSolution
		SolutionGuid = {66C3B703-B45A-4007-B407-79D699C5D36A}
	EndGlobalSection
EndGlobal
